
Microsoft Visual Studio Solution File, Format Version 12.00
# Visual Studio Version 16
VisualStudioVersion = 16.0.29728.190
MinimumVisualStudioVersion = 10.0.40219.1
Project("{FAE04EC0-301F-11D3-BF4B-00C04F79EFBC}") = "ConsoleApp1", "ConsoleApp1\ConsoleApp1.csproj", "{403B7F9B-751E-4722-A28D-BFD2734B5BED}"
EndProject
Global
	GlobalSection(SolutionConfigurationPlatforms) = preSolution
		Debug|Any CPU = Debug|Any CPU
		Release|Any CPU = Release|Any CPU
	EndGlobalSection
	GlobalSection(ProjectConfigurationPlatforms) = postSolution
		{403B7F9B-751E-4722-A28D-BFD2734B5BED}.Debug|Any CPU.ActiveCfg = Debug|Any CPU
		{403B7F9B-751E-4722-A28D-BFD2734B5BED}.Debug|Any CPU.Build.0 = Debug|Any CPU
		{403B7F9B-751E-4722-A28D-BFD2734B5BED}.Release|Any CPU.ActiveCfg = Release|Any CPU
		{403B7F9B-751E-4722-A28D-BFD2734B5BED}.Release|Any CPU.Build.0 = Release|Any CPU
	EndGlobalSection
	GlobalSection(SolutionProperties) = preSolution
		HideSolutionNode = FALSE
	EndGlobalSection
	GlobalSection(ExtensibilityGlobals) = postSolution
		SolutionGuid = {42A3EED1-7489-4A23-A22C-E7F785F581F8}
	EndGlobalSection
EndGlobal
